// !$*UTF8*$!
{
	archiveVersion = 1;
	classes = {
	};
	objectVersion = 46;
	objects = {

/* Begin PBXBuildFile section */
		02628BFE1DF8132200FA7262 /* main.m in Sources */ = {isa = PBXBuildFile; fileRef = 02628BFD1DF8132200FA7262 /* main.m */; };
		02628C011DF8132200FA7262 /* AppDelegate.m in Sources */ = {isa = PBXBuildFile; fileRef = 02628C001DF8132200FA7262 /* AppDelegate.m */; };
		02628C041DF8132200FA7262 /* ViewController.m in Sources */ = {isa = PBXBuildFile; fileRef = 02628C031DF8132200FA7262 /* ViewController.m */; };
		02628C071DF8132200FA7262 /* Main.storyboard in Resources */ = {isa = PBXBuildFile; fileRef = 02628C051DF8132200FA7262 /* Main.storyboard */; };
		02628C0C1DF8132200FA7262 /* LaunchScreen.storyboard in Resources */ = {isa = PBXBuildFile; fileRef = 02628C0A1DF8132200FA7262 /* LaunchScreen.storyboard */; };
		02A881AA1DF83F8800912BB4 /* Assets.xcassets in Resources */ = {isa = PBXBuildFile; fileRef = 02A881A91DF83F8800912BB4 /* Assets.xcassets */; };
		02A881B41DF8DE5C00912BB4 /* CJLNavigationController.m in Sources */ = {isa = PBXBuildFile; fileRef = 02A881B31DF8DE5C00912BB4 /* CJLNavigationController.m */; };
		02A881B71DF8DE7F00912BB4 /* CJLTableViewController.m in Sources */ = {isa = PBXBuildFile; fileRef = 02A881B61DF8DE7F00912BB4 /* CJLTableViewController.m */; };
		02A881BA1DF9243500912BB4 /* CJLViewController.m in Sources */ = {isa = PBXBuildFile; fileRef = 02A881B91DF9243500912BB4 /* CJLViewController.m */; };
		02A881BD1DF9359500912BB4 /* CJLCollection.m in Sources */ = {isa = PBXBuildFile; fileRef = 02A881BC1DF9359500912BB4 /* CJLCollection.m */; };
		02A881C01DF95CB000912BB4 /* CJLCollectionViewCell.m in Sources */ = {isa = PBXBuildFile; fileRef = 02A881BF1DF95CB000912BB4 /* CJLCollectionViewCell.m */; };
		02A881C31DF95CD000912BB4 /* CJLCollectionViewFlowLayout.m in Sources */ = {isa = PBXBuildFile; fileRef = 02A881C21DF95CD000912BB4 /* CJLCollectionViewFlowLayout.m */; };
/* End PBXBuildFile section */

/* Begin PBXFileReference section */
		02628BF91DF8132200FA7262 /* ReadStory.app */ = {isa = PBXFileReference; explicitFileType = wrapper.application; includeInIndex = 0; path = ReadStory.app; sourceTree = BUILT_PRODUCTS_DIR; };
		02628BFD1DF8132200FA7262 /* main.m */ = {isa = PBXFileReference; lastKnownFileType = sourcecode.c.objc; path = main.m; sourceTree = "<group>"; };
		02628BFF1DF8132200FA7262 /* AppDelegate.h */ = {isa = PBXFileReference; lastKnownFileType = sourcecode.c.h; path = AppDelegate.h; sourceTree = "<group>"; };
		02628C001DF8132200FA7262 /* AppDelegate.m */ = {isa = PBXFileReference; lastKnownFileType = sourcecode.c.objc; path = AppDelegate.m; sourceTree = "<group>"; };
		02628C021DF8132200FA7262 /* ViewController.h */ = {isa = PBXFileReference; lastKnownFileType = sourcecode.c.h; path = ViewController.h; sourceTree = "<group>"; };
		02628C031DF8132200FA7262 /* ViewController.m */ = {isa = PBXFileReference; lastKnownFileType = sourcecode.c.objc; path = ViewController.m; sourceTree = "<group>"; };
		02628C061DF8132200FA7262 /* Base */ = {isa = PBXFileReference; lastKnownFileType = file.storyboard; name = Base; path = Base.lproj/Main.storyboard; sourceTree = "<group>"; };
		02628C0B1DF8132200FA7262 /* Base */ = {isa = PBXFileReference; lastKnownFileType = file.storyboard; name = Base; path = Base.lproj/LaunchScreen.storyboard; sourceTree = "<group>"; };
		02628C0D1DF8132200FA7262 /* Info.plist */ = {isa = PBXFileReference; lastKnownFileType = text.plist.xml; path = Info.plist; sourceTree = "<group>"; };
		02A881A91DF83F8800912BB4 /* Assets.xcassets */ = {isa = PBXFileReference; lastKnownFileType = folder.assetcatalog; path = Assets.xcassets; sourceTree = "<group>"; };
		02A881B21DF8DE5C00912BB4 /* CJLNavigationController.h */ = {isa = PBXFileReference; fileEncoding = 4; lastKnownFileType = sourcecode.c.h; path = CJLNavigationController.h; sourceTree = "<group>"; };
		02A881B31DF8DE5C00912BB4 /* CJLNavigationController.m */ = {isa = PBXFileReference; fileEncoding = 4; lastKnownFileType = sourcecode.c.objc; path = CJLNavigationController.m; sourceTree = "<group>"; };
		02A881B51DF8DE7F00912BB4 /* CJLTableViewController.h */ = {isa = PBXFileReference; fileEncoding = 4; lastKnownFileType = sourcecode.c.h; path = CJLTableViewController.h; sourceTree = "<group>"; };
		02A881B61DF8DE7F00912BB4 /* CJLTableViewController.m */ = {isa = PBXFileReference; fileEncoding = 4; lastKnownFileType = sourcecode.c.objc; path = CJLTableViewController.m; sourceTree = "<group>"; };
		02A881B81DF9243500912BB4 /* CJLViewController.h */ = {isa = PBXFileReference; fileEncoding = 4; lastKnownFileType = sourcecode.c.h; path = CJLViewController.h; sourceTree = "<group>"; };
		02A881B91DF9243500912BB4 /* CJLViewController.m */ = {isa = PBXFileReference; fileEncoding = 4; lastKnownFileType = sourcecode.c.objc; path = CJLViewController.m; sourceTree = "<group>"; };
		02A881BB1DF9359500912BB4 /* CJLCollection.h */ = {isa = PBXFileReference; fileEncoding = 4; lastKnownFileType = sourcecode.c.h; path = CJLCollection.h; sourceTree = "<group>"; };
		02A881BC1DF9359500912BB4 /* CJLCollection.m */ = {isa = PBXFileReference; fileEncoding = 4; lastKnownFileType = sourcecode.c.objc; path = CJLCollection.m; sourceTree = "<group>"; };
		02A881BE1DF95CB000912BB4 /* CJLCollectionViewCell.h */ = {isa = PBXFileReference; fileEncoding = 4; lastKnownFileType = sourcecode.c.h; path = CJLCollectionViewCell.h; sourceTree = "<group>"; };
		02A881BF1DF95CB000912BB4 /* CJLCollectionViewCell.m */ = {isa = PBXFileReference; fileEncoding = 4; lastKnownFileType = sourcecode.c.objc; path = CJLCollectionViewCell.m; sourceTree = "<group>"; };
		02A881C11DF95CD000912BB4 /* CJLCollectionViewFlowLayout.h */ = {isa = PBXFileReference; fileEncoding = 4; lastKnownFileType = sourcecode.c.h; path = CJLCollectionViewFlowLayout.h; sourceTree = "<group>"; };
		02A881C21DF95CD000912BB4 /* CJLCollectionViewFlowLayout.m */ = {isa = PBXFileReference; fileEncoding = 4; lastKnownFileType = sourcecode.c.objc; path = CJLCollectionViewFlowLayout.m; sourceTree = "<group>"; };
/* End PBXFileReference section */

/* Begin PBXFrameworksBuildPhase section */
		02628BF61DF8132200FA7262 /* Frameworks */ = {
			isa = PBXFrameworksBuildPhase;
			buildActionMask = 2147483647;
			files = (
			);
			runOnlyForDeploymentPostprocessing = 0;
		};
/* End PBXFrameworksBuildPhase section */

/* Begin PBXGroup section */
		02628BF01DF8132200FA7262 = {
			isa = PBXGroup;
			children = (
				02628BFB1DF8132200FA7262 /* ReadStory */,
				02628BFA1DF8132200FA7262 /* Products */,
			);
			sourceTree = "<group>";
		};
		02628BFA1DF8132200FA7262 /* Products */ = {
			isa = PBXGroup;
			children = (
				02628BF91DF8132200FA7262 /* ReadStory.app */,
			);
			name = Products;
			sourceTree = "<group>";
		};
		02628BFB1DF8132200FA7262 /* ReadStory */ = {
			isa = PBXGroup;
			children = (
				02A881B11DF8DE2D00912BB4 /* View */,
				02A881B01DF8DE2500912BB4 /* Controller */,
				02628BFF1DF8132200FA7262 /* AppDelegate.h */,
				02628C001DF8132200FA7262 /* AppDelegate.m */,
				02628C021DF8132200FA7262 /* ViewController.h */,
				02628C031DF8132200FA7262 /* ViewController.m */,
				02628C051DF8132200FA7262 /* Main.storyboard */,
				02628C0A1DF8132200FA7262 /* LaunchScreen.storyboard */,
				02A881A91DF83F8800912BB4 /* Assets.xcassets */,
				02628C0D1DF8132200FA7262 /* Info.plist */,
				02628BFC1DF8132200FA7262 /* Supporting Files */,
			);
			path = ReadStory;
			sourceTree = "<group>";
		};
		02628BFC1DF8132200FA7262 /* Supporting Files */ = {
			isa = PBXGroup;
			children = (
				02628BFD1DF8132200FA7262 /* main.m */,
			);
			name = "Supporting Files";
			sourceTree = "<group>";
		};
		02A881B01DF8DE2500912BB4 /* Controller */ = {
			isa = PBXGroup;
			children = (
				02A881B21DF8DE5C00912BB4 /* CJLNavigationController.h */,
				02A881B31DF8DE5C00912BB4 /* CJLNavigationController.m */,
				02A881B51DF8DE7F00912BB4 /* CJLTableViewController.h */,
				02A881B61DF8DE7F00912BB4 /* CJLTableViewController.m */,
				02A881B81DF9243500912BB4 /* CJLViewController.h */,
				02A881B91DF9243500912BB4 /* CJLViewController.m */,
			);
			name = Controller;
			sourceTree = "<group>";
		};
		02A881B11DF8DE2D00912BB4 /* View */ = {
			isa = PBXGroup;
			children = (
				02A881BB1DF9359500912BB4 /* CJLCollection.h */,
				02A881BC1DF9359500912BB4 /* CJLCollection.m */,
				02A881BE1DF95CB000912BB4 /* CJLCollectionViewCell.h */,
				02A881BF1DF95CB000912BB4 /* CJLCollectionViewCell.m */,
				02A881C11DF95CD000912BB4 /* CJLCollectionViewFlowLayout.h */,
				02A881C21DF95CD000912BB4 /* CJLCollectionViewFlowLayout.m */,
			);
			name = View;
			sourceTree = "<group>";
		};
/* End PBXGroup section */

/* Begin PBXNativeTarget section */
		02628BF81DF8132200FA7262 /* ReadStory */ = {
			isa = PBXNativeTarget;
			buildConfigurationList = 02628C101DF8132200FA7262 /* Build configuration list for PBXNativeTarget "ReadStory" */;
			buildPhases = (
				02628BF51DF8132200FA7262 /* Sources */,
				02628BF61DF8132200FA7262 /* Frameworks */,
				02628BF71DF8132200FA7262 /* Resources */,
			);
			buildRules = (
			);
			dependencies = (
			);
			name = ReadStory;
			productName = ReadStory;
			productReference = 02628BF91DF8132200FA7262 /* ReadStory.app */;
			productType = "com.apple.product-type.application";
		};
/* End PBXNativeTarget section */

/* Begin PBXProject section */
		02628BF11DF8132200FA7262 /* Project object */ = {
			isa = PBXProject;
			attributes = {
				LastUpgradeCheck = 0800;
				ORGANIZATIONNAME = "这是C先生";
				TargetAttributes = {
					02628BF81DF8132200FA7262 = {
						CreatedOnToolsVersion = 8.0;
						DevelopmentTeam = EKYUDB8TZH;
						ProvisioningStyle = Automatic;
					};
				};
			};
			buildConfigurationList = 02628BF41DF8132200FA7262 /* Build configuration list for PBXProject "ReadStory" */;
			compatibilityVersion = "Xcode 3.2";
			developmentRegion = English;
			hasScannedForEncodings = 0;
			knownRegions = (
				en,
				Base,
			);
			mainGroup = 02628BF01DF8132200FA7262;
			productRefGroup = 02628BFA1DF8132200FA7262 /* Products */;
			projectDirPath = "";
			projectRoot = "";
			targets = (
				02628BF81DF8132200FA7262 /* ReadStory */,
			);
		};
/* End PBXProject section */

/* Begin PBXResourcesBuildPhase section */
		02628BF71DF8132200FA7262 /* Resources */ = {
			isa = PBXResourcesBuildPhase;
			buildActionMask = 2147483647;
			files = (
				02628C0C1DF8132200FA7262 /* LaunchScreen.storyboard in Resources */,
				02A881AA1DF83F8800912BB4 /* Assets.xcassets in Resources */,
				02628C071DF8132200FA7262 /* Main.storyboard in Resources */,
			);
			runOnlyForDeploymentPostprocessing = 0;
		};
/* End PBXResourcesBuildPhase section */

/* Begin PBXSourcesBuildPhase section */
		02628BF51DF8132200FA7262 /* Sources */ = {
			isa = PBXSourcesBuildPhase;
			buildActionMask = 2147483647;
			files = (
				02A881C31DF95CD000912BB4 /* CJLCollectionViewFlowLayout.m in Sources */,
				02A881BD1DF9359500912BB4 /* CJLCollection.m in Sources */,
				02A881BA1DF9243500912BB4 /* CJLViewController.m in Sources */,
				02A881C01DF95CB000912BB4 /* CJLCollectionViewCell.m in Sources */,
				02628C041DF8132200FA7262 /* ViewController.m in Sources */,
				02A881B41DF8DE5C00912BB4 /* CJLNavigationController.m in Sources */,
				02628C011DF8132200FA7262 /* AppDelegate.m in Sources */,
				02A881B71DF8DE7F00912BB4 /* CJLTableViewController.m in Sources */,
				02628BFE1DF8132200FA7262 /* main.m in Sources */,
			);
			runOnlyForDeploymentPostprocessing = 0;
		};
/* End PBXSourcesBuildPhase section */

/* Begin PBXVariantGroup section */
		02628C051DF8132200FA7262 /* Main.storyboard */ = {
			isa = PBXVariantGroup;
			children = (
				02628C061DF8132200FA7262 /* Base */,
			);
			name = Main.storyboard;
			sourceTree = "<group>";
		};
		02628C0A1DF8132200FA7262 /* LaunchScreen.storyboard */ = {
			isa = PBXVariantGroup;
			children = (
				02628C0B1DF8132200FA7262 /* Base */,
			);
			name = LaunchScreen.storyboard;
			sourceTree = "<group>";
		};
/* End PBXVariantGroup section */

/* Begin XCBuildConfiguration section */
		02628C0E1DF8132200FA7262 /* Debug */ = {
			isa = XCBuildConfiguration;
			buildSettings = {
				ALWAYS_SEARCH_USER_PATHS = NO;
				CLANG_ANALYZER_NONNULL = YES;
				CLANG_CXX_LANGUAGE_STANDARD = "gnu++0x";
				CLANG_CXX_LIBRARY = "libc++";
				CLANG_ENABLE_MODULES = YES;
				CLANG_ENABLE_OBJC_ARC = YES;
				CLANG_WARN_BOOL_CONVERSION = YES;
				CLANG_WARN_CONSTANT_CONVERSION = YES;
				CLANG_WARN_DIRECT_OBJC_ISA_USAGE = YES_ERROR;
				CLANG_WARN_DOCUMENTATION_COMMENTS = YES;
				CLANG_WARN_EMPTY_BODY = YES;
				CLANG_WARN_ENUM_CONVERSION = YES;
				CLANG_WARN_INFINITE_RECURSION = YES;
				CLANG_WARN_INT_CONVERSION = YES;
				CLANG_WARN_OBJC_ROOT_CLASS = YES_ERROR;
				CLANG_WARN_SUSPICIOUS_MOVES = YES;
				CLANG_WARN_UNREACHABLE_CODE = YES;
				CLANG_WARN__DUPLICATE_METHOD_MATCH = YES;
				"CODE_SIGN_IDENTITY[sdk=iphoneos*]" = "iPhone Developer";
				COPY_PHASE_STRIP = NO;
				DEBUG_INFORMATION_FORMAT = dwarf;
				ENABLE_STRICT_OBJC_MSGSEND = YES;
				ENABLE_TESTABILITY = YES;
				GCC_C_LANGUAGE_STANDARD = gnu99;
				GCC_DYNAMIC_NO_PIC = NO;
				GCC_NO_COMMON_BLOCKS = YES;
				GCC_OPTIMIZATION_LEVEL = 0;
				GCC_PREPROCESSOR_DEFINITIONS = (
					"DEBUG=1",
					"$(inherited)",
				);
				GCC_WARN_64_TO_32_BIT_CONVERSION = YES;
				GCC_WARN_ABOUT_RETURN_TYPE = YES_ERROR;
				GCC_WARN_UNDECLARED_SELECTOR = YES;
				GCC_WARN_UNINITIALIZED_AUTOS = YES_AGGRESSIVE;
				GCC_WARN_UNUSED_FUNCTION = YES;
				GCC_WARN_UNUSED_VARIABLE = YES;
				IPHONEOS_DEPLOYMENT_TARGET = 8.0;
				MTL_ENABLE_DEBUG_INFO = YES;
				ONLY_ACTIVE_ARCH = YES;
				SDKROOT = iphoneos;
				TARGETED_DEVICE_FAMILY = "1,2";
			};
			name = Debug;
		};
		02628C0F1DF8132200FA7262 /* Release */ = {
			isa = XCBuildConfiguration;
			buildSettings = {
				ALWAYS_SEARCH_USER_PATHS = NO;
				CLANG_ANALYZER_NONNULL = YES;
				CLANG_CXX_LANGUAGE_STANDARD = "gnu++0x";
				CLANG_CXX_LIBRARY = "libc++";
				CLANG_ENABLE_MODULES = YES;
				CLANG_ENABLE_OBJC_ARC = YES;
				CLANG_WARN_BOOL_CONVERSION = YES;
				CLANG_WARN_CONSTANT_CONVERSION = YES;
				CLANG_WARN_DIRECT_OBJC_ISA_USAGE = YES_ERROR;
				CLANG_WARN_DOCUMENTATION_COMMENTS = YES;
				CLANG_WARN_EMPTY_BODY = YES;
				CLANG_WARN_ENUM_CONVERSION = YES;
				CLANG_WARN_INFINITE_RECURSION = YES;
				CLANG_WARN_INT_CONVERSION = YES;
				CLANG_WARN_OBJC_ROOT_CLASS = YES_ERROR;
				CLANG_WARN_SUSPICIOUS_MOVES = YES;
				CLANG_WARN_UNREACHABLE_CODE = YES;
				CLANG_WARN__DUPLICATE_METHOD_MATCH = YES;
				"CODE_SIGN_IDENTITY[sdk=iphoneos*]" = "iPhone Developer";
				COPY_PHASE_STRIP = NO;
				DEBUG_INFORMATION_FORMAT = "dwarf-with-dsym";
				ENABLE_NS_ASSERTIONS = NO;
				ENABLE_STRICT_OBJC_MSGSEND = YES;
				GCC_C_LANGUAGE_STANDARD = gnu99;
				GCC_NO_COMMON_BLOCKS = YES;
				GCC_WARN_64_TO_32_BIT_CONVERSION = YES;
				GCC_WARN_ABOUT_RETURN_TYPE = YES_ERROR;
				GCC_WARN_UNDECLARED_SELECTOR = YES;
				GCC_WARN_UNINITIALIZED_AUTOS = YES_AGGRESSIVE;
				GCC_WARN_UNUSED_FUNCTION = YES;
				GCC_WARN_UNUSED_VARIABLE = YES;
				IPHONEOS_DEPLOYMENT_TARGET = 8.0;
				MTL_ENABLE_DEBUG_INFO = NO;
				SDKROOT = iphoneos;
				TARGETED_DEVICE_FAMILY = "1,2";
				VALIDATE_PRODUCT = YES;
			};
			name = Release;
		};
		02628C111DF8132200FA7262 /* Debug */ = {
			isa = XCBuildConfiguration;
			buildSettings = {
				ASSETCATALOG_COMPILER_APPICON_NAME = AppIcon;
				ASSETCATALOG_COMPILER_LAUNCHIMAGE_NAME = LaunchImage;
				DEVELOPMENT_TEAM = EKYUDB8TZH;
				INFOPLIST_FILE = ReadStory/Info.plist;
				IPHONEOS_DEPLOYMENT_TARGET = 8.0;
				LD_RUNPATH_SEARCH_PATHS = "$(inherited) @executable_path/Frameworks";
				PRODUCT_BUNDLE_IDENTIFIER = "TheClown.FMDB-Test---01";
				PRODUCT_NAME = "$(TARGET_NAME)";
			};
			name = Debug;
		};
		02628C121DF8132200FA7262 /* Release */ = {
			isa = XCBuildConfiguration;
			buildSettings = {
				ASSETCATALOG_COMPILER_APPICON_NAME = AppIcon;
				ASSETCATALOG_COMPILER_LAUNCHIMAGE_NAME = LaunchImage;
				DEVELOPMENT_TEAM = EKYUDB8TZH;
				INFOPLIST_FILE = ReadStory/Info.plist;
				IPHONEOS_DEPLOYMENT_TARGET = 8.0;
				LD_RUNPATH_SEARCH_PATHS = "$(inherited) @executable_path/Frameworks";
				PRODUCT_BUNDLE_IDENTIFIER = "TheClown.FMDB-Test---01";
				PRODUCT_NAME = "$(TARGET_NAME)";
			};
			name = Release;
		};
/* End XCBuildConfiguration section */

/* Begin XCConfigurationList section */
		02628BF41DF8132200FA7262 /* Build configuration list for PBXProject "ReadStory" */ = {
			isa = XCConfigurationList;
			buildConfigurations = (
				02628C0E1DF8132200FA7262 /* Debug */,
				02628C0F1DF8132200FA7262 /* Release */,
			);
			defaultConfigurationIsVisible = 0;
			defaultConfigurationName = Release;
		};
		02628C101DF8132200FA7262 /* Build configuration list for PBXNativeTarget "ReadStory" */ = {
			isa = XCConfigurationList;
			buildConfigurations = (
				02628C111DF8132200FA7262 /* Debug */,
				02628C121DF8132200FA7262 /* Release */,
			);
			defaultConfigurationIsVisible = 0;
			defaultConfigurationName = Release;
		};
/* End XCConfigurationList section */
	};
	rootObject = 02628BF11DF8132200FA7262 /* Project object */;
}
